
Microsoft Visual Studio Solution File, Format Version 12.00
# Visual Studio Version 17
VisualStudioVersion = 17.9.34622.214
MinimumVisualStudioVersion = 10.0.40219.1
Project("{9A19103F-16F7-4668-BE54-9A1E7A4F7556}") = "GotoFreight.IATA", "src\GotoFreight.IATA\GotoFreight.IATA.csproj", "{769629C1-0ACA-48E3-B087-E6547F973AFF}"
EndProject
Project("{FAE04EC0-301F-11D3-BF4B-00C04F79EFBC}") = "GotoFreight.AICore", "src\GotoFreight.AICore\GotoFreight.AICore.csproj", "{FCEF72B1-B0C8-4AAC-9B4B-9314ED3CEF24}"
EndProject
Global
	GlobalSection(SolutionConfigurationPlatforms) = preSolution
		Debug|Any CPU = Debug|Any CPU
		Release|Any CPU = Release|Any CPU
	EndGlobalSection
	GlobalSection(ProjectConfigurationPlatforms) = postSolution
		{769629C1-0ACA-48E3-B087-E6547F973AFF}.Debug|Any CPU.ActiveCfg = Debug|Any CPU
		{769629C1-0ACA-48E3-B087-E6547F973AFF}.Debug|Any CPU.Build.0 = Debug|Any CPU
		{769629C1-0ACA-48E3-B087-E6547F973AFF}.Release|Any CPU.ActiveCfg = Release|Any CPU
		{769629C1-0ACA-48E3-B087-E6547F973AFF}.Release|Any CPU.Build.0 = Release|Any CPU
		{FCEF72B1-B0C8-4AAC-9B4B-9314ED3CEF24}.Debug|Any CPU.ActiveCfg = Debug|Any CPU
		{FCEF72B1-B0C8-4AAC-9B4B-9314ED3CEF24}.Debug|Any CPU.Build.0 = Debug|Any CPU
		{FCEF72B1-B0C8-4AAC-9B4B-9314ED3CEF24}.Release|Any CPU.ActiveCfg = Release|Any CPU
		{FCEF72B1-B0C8-4AAC-9B4B-9314ED3CEF24}.Release|Any CPU.Build.0 = Release|Any CPU
	EndGlobalSection
	GlobalSection(SolutionProperties) = preSolution
		HideSolutionNode = FALSE
	EndGlobalSection
EndGlobal
